
Microsoft Visual Studio Solution File, Format Version 12.00
# Visual Studio Version 17
VisualStudioVersion = 17.0.31903.59
MinimumVisualStudioVersion = 10.0.40219.1
Project("{2150E333-8FDC-42A3-9474-1A3956D46DE8}") = "src", "src", "{827E0CD3-B72D-47B6-A68D-7590B98EB39B}"
EndProject
Project("{2150E333-8FDC-42A3-9474-1A3956D46DE8}") = "tests", "tests", "{0AB3BF05-4346-4AA6-1389-037BE0695223}"
EndProject
Project("{2150E333-8FDC-42A3-9474-1A3956D46DE8}") = "Infrastructure", "Infrastructure", "{9048EB7F-3875-A59E-E36B-5BD4C6F2A282}"
EndProject
Project("{2150E333-8FDC-42A3-9474-1A3956D46DE8}") = "Core", "Core", "{8D626EA8-CB54-BC41-363A-217881BEBA6E}"
EndProject
Project("{FAE04EC0-301F-11D3-BF4B-00C04F79EFBC}") = "Domain", "src\Core\Domain\Domain.csproj", "{D97FD71A-5F6D-4E14-A64E-0ABC980494BA}"
EndProject
Project("{FAE04EC0-301F-11D3-BF4B-00C04F79EFBC}") = "Application", "src\Core\Application\Application.csproj", "{93ECA259-A22D-41D3-8797-2A2236FF8C49}"
EndProject
Project("{FAE04EC0-301F-11D3-BF4B-00C04F79EFBC}") = "Persistence", "src\Infrastructure\Persistence\Persistence.csproj", "{D0CE2C6B-D754-4C4C-8376-334FEBA0A3AB}"
EndProject
Project("{FAE04EC0-301F-11D3-BF4B-00C04F79EFBC}") = "Identity", "src\Infrastructure\Identity\Identity.csproj", "{AD1FC13E-59AE-4552-8C09-1F39FFD30D72}"
EndProject
Project("{FAE04EC0-301F-11D3-BF4B-00C04F79EFBC}") = "Api", "src\Api\Api.csproj", "{1871D5C1-D063-4630-A52F-20099923DF64}"
EndProject
Global
	GlobalSection(SolutionConfigurationPlatforms) = preSolution
		Debug|Any CPU = Debug|Any CPU
		Debug|x64 = Debug|x64
		Debug|x86 = Debug|x86
		Release|Any CPU = Release|Any CPU
		Release|x64 = Release|x64
		Release|x86 = Release|x86
	EndGlobalSection
	GlobalSection(ProjectConfigurationPlatforms) = postSolution
		{D97FD71A-5F6D-4E14-A64E-0ABC980494BA}.Debug|Any CPU.ActiveCfg = Debug|Any CPU
		{D97FD71A-5F6D-4E14-A64E-0ABC980494BA}.Debug|Any CPU.Build.0 = Debug|Any CPU
		{D97FD71A-5F6D-4E14-A64E-0ABC980494BA}.Debug|x64.ActiveCfg = Debug|Any CPU
		{D97FD71A-5F6D-4E14-A64E-0ABC980494BA}.Debug|x64.Build.0 = Debug|Any CPU
		{D97FD71A-5F6D-4E14-A64E-0ABC980494BA}.Debug|x86.ActiveCfg = Debug|Any CPU
		{D97FD71A-5F6D-4E14-A64E-0ABC980494BA}.Debug|x86.Build.0 = Debug|Any CPU
		{D97FD71A-5F6D-4E14-A64E-0ABC980494BA}.Release|Any CPU.ActiveCfg = Release|Any CPU
		{D97FD71A-5F6D-4E14-A64E-0ABC980494BA}.Release|Any CPU.Build.0 = Release|Any CPU
		{D97FD71A-5F6D-4E14-A64E-0ABC980494BA}.Release|x64.ActiveCfg = Release|Any CPU
		{D97FD71A-5F6D-4E14-A64E-0ABC980494BA}.Release|x64.Build.0 = Release|Any CPU
		{D97FD71A-5F6D-4E14-A64E-0ABC980494BA}.Release|x86.ActiveCfg = Release|Any CPU
		{D97FD71A-5F6D-4E14-A64E-0ABC980494BA}.Release|x86.Build.0 = Release|Any CPU
		{93ECA259-A22D-41D3-8797-2A2236FF8C49}.Debug|Any CPU.ActiveCfg = Debug|Any CPU
		{93ECA259-A22D-41D3-8797-2A2236FF8C49}.Debug|Any CPU.Build.0 = Debug|Any CPU
		{93ECA259-A22D-41D3-8797-2A2236FF8C49}.Debug|x64.ActiveCfg = Debug|Any CPU
		{93ECA259-A22D-41D3-8797-2A2236FF8C49}.Debug|x64.Build.0 = Debug|Any CPU
		{93ECA259-A22D-41D3-8797-2A2236FF8C49}.Debug|x86.ActiveCfg = Debug|Any CPU
		{93ECA259-A22D-41D3-8797-2A2236FF8C49}.Debug|x86.Build.0 = Debug|Any CPU
		{93ECA259-A22D-41D3-8797-2A2236FF8C49}.Release|Any CPU.ActiveCfg = Release|Any CPU
		{93ECA259-A22D-41D3-8797-2A2236FF8C49}.Release|Any CPU.Build.0 = Release|Any CPU
		{93ECA259-A22D-41D3-8797-2A2236FF8C49}.Release|x64.ActiveCfg = Release|Any CPU
		{93ECA259-A22D-41D3-8797-2A2236FF8C49}.Release|x64.Build.0 = Release|Any CPU
		{93ECA259-A22D-41D3-8797-2A2236FF8C49}.Release|x86.ActiveCfg = Release|Any CPU
		{93ECA259-A22D-41D3-8797-2A2236FF8C49}.Release|x86.Build.0 = Release|Any CPU
		{D0CE2C6B-D754-4C4C-8376-334FEBA0A3AB}.Debug|Any CPU.ActiveCfg = Debug|Any CPU
		{D0CE2C6B-D754-4C4C-8376-334FEBA0A3AB}.Debug|Any CPU.Build.0 = Debug|Any CPU
		{D0CE2C6B-D754-4C4C-8376-334FEBA0A3AB}.Debug|x64.ActiveCfg = Debug|Any CPU
		{D0CE2C6B-D754-4C4C-8376-334FEBA0A3AB}.Debug|x64.Build.0 = Debug|Any CPU
		{D0CE2C6B-D754-4C4C-8376-334FEBA0A3AB}.Debug|x86.ActiveCfg = Debug|Any CPU
		{D0CE2C6B-D754-4C4C-8376-334FEBA0A3AB}.Debug|x86.Build.0 = Debug|Any CPU
		{D0CE2C6B-D754-4C4C-8376-334FEBA0A3AB}.Release|Any CPU.ActiveCfg = Release|Any CPU
		{D0CE2C6B-D754-4C4C-8376-334FEBA0A3AB}.Release|Any CPU.Build.0 = Release|Any CPU
		{D0CE2C6B-D754-4C4C-8376-334FEBA0A3AB}.Release|x64.ActiveCfg = Release|Any CPU
		{D0CE2C6B-D754-4C4C-8376-334FEBA0A3AB}.Release|x64.Build.0 = Release|Any CPU
		{D0CE2C6B-D754-4C4C-8376-334FEBA0A3AB}.Release|x86.ActiveCfg = Release|Any CPU
		{D0CE2C6B-D754-4C4C-8376-334FEBA0A3AB}.Release|x86.Build.0 = Release|Any CPU
		{AD1FC13E-59AE-4552-8C09-1F39FFD30D72}.Debug|Any CPU.ActiveCfg = Debug|Any CPU
		{AD1FC13E-59AE-4552-8C09-1F39FFD30D72}.Debug|Any CPU.Build.0 = Debug|Any CPU
		{AD1FC13E-59AE-4552-8C09-1F39FFD30D72}.Debug|x64.ActiveCfg = Debug|Any CPU
		{AD1FC13E-59AE-4552-8C09-1F39FFD30D72}.Debug|x64.Build.0 = Debug|Any CPU
		{AD1FC13E-59AE-4552-8C09-1F39FFD30D72}.Debug|x86.ActiveCfg = Debug|Any CPU
		{AD1FC13E-59AE-4552-8C09-1F39FFD30D72}.Debug|x86.Build.0 = Debug|Any CPU
		{AD1FC13E-59AE-4552-8C09-1F39FFD30D72}.Release|Any CPU.ActiveCfg = Release|Any CPU
		{AD1FC13E-59AE-4552-8C09-1F39FFD30D72}.Release|Any CPU.Build.0 = Release|Any CPU
		{AD1FC13E-59AE-4552-8C09-1F39FFD30D72}.Release|x64.ActiveCfg = Release|Any CPU
		{AD1FC13E-59AE-4552-8C09-1F39FFD30D72}.Release|x64.Build.0 = Release|Any CPU
		{AD1FC13E-59AE-4552-8C09-1F39FFD30D72}.Release|x86.ActiveCfg = Release|Any CPU
		{AD1FC13E-59AE-4552-8C09-1F39FFD30D72}.Release|x86.Build.0 = Release|Any CPU
		{1871D5C1-D063-4630-A52F-20099923DF64}.Debug|Any CPU.ActiveCfg = Debug|Any CPU
		{1871D5C1-D063-4630-A52F-20099923DF64}.Debug|Any CPU.Build.0 = Debug|Any CPU
		{1871D5C1-D063-4630-A52F-20099923DF64}.Debug|x64.ActiveCfg = Debug|Any CPU
		{1871D5C1-D063-4630-A52F-20099923DF64}.Debug|x64.Build.0 = Debug|Any CPU
		{1871D5C1-D063-4630-A52F-20099923DF64}.Debug|x86.ActiveCfg = Debug|Any CPU
		{1871D5C1-D063-4630-A52F-20099923DF64}.Debug|x86.Build.0 = Debug|Any CPU
		{1871D5C1-D063-4630-A52F-20099923DF64}.Release|Any CPU.ActiveCfg = Release|Any CPU
		{1871D5C1-D063-4630-A52F-20099923DF64}.Release|Any CPU.Build.0 = Release|Any CPU
		{1871D5C1-D063-4630-A52F-20099923DF64}.Release|x64.ActiveCfg = Release|Any CPU
		{1871D5C1-D063-4630-A52F-20099923DF64}.Release|x64.Build.0 = Release|Any CPU
		{1871D5C1-D063-4630-A52F-20099923DF64}.Release|x86.ActiveCfg = Release|Any CPU
		{1871D5C1-D063-4630-A52F-20099923DF64}.Release|x86.Build.0 = Release|Any CPU
	EndGlobalSection
	GlobalSection(SolutionProperties) = preSolution
		HideSolutionNode = FALSE
	EndGlobalSection
	GlobalSection(NestedProjects) = preSolution
		{9048EB7F-3875-A59E-E36B-5BD4C6F2A282} = {827E0CD3-B72D-47B6-A68D-7590B98EB39B}
		{8D626EA8-CB54-BC41-363A-217881BEBA6E} = {827E0CD3-B72D-47B6-A68D-7590B98EB39B}
		{D97FD71A-5F6D-4E14-A64E-0ABC980494BA} = {8D626EA8-CB54-BC41-363A-217881BEBA6E}
		{93ECA259-A22D-41D3-8797-2A2236FF8C49} = {8D626EA8-CB54-BC41-363A-217881BEBA6E}
		{D0CE2C6B-D754-4C4C-8376-334FEBA0A3AB} = {9048EB7F-3875-A59E-E36B-5BD4C6F2A282}
		{AD1FC13E-59AE-4552-8C09-1F39FFD30D72} = {9048EB7F-3875-A59E-E36B-5BD4C6F2A282}
		{1871D5C1-D063-4630-A52F-20099923DF64} = {827E0CD3-B72D-47B6-A68D-7590B98EB39B}
	EndGlobalSection
EndGlobal
